{"1.2.0",
[{<<"getopt">>,{pkg,<<"getopt">>,<<"1.0.1">>},1},
 {<<"gpb">>,{pkg,<<"gpb">>,<<"4.8.0">>},0},
 {<<"providers">>,{pkg,<<"providers">>,<<"1.7.0">>},0}]}.
[
{pkg_hash,[
 {<<"getopt">>, <<"C73A9FA687B217F2FF79F68A3B637711BB1936E712B521D8CE466B29CBF7808A">>},
 {<<"gpb">>, <<"2052E055887852BE628DD521CED202130CC3756804559FF020D4FB706D587BD4">>},
 {<<"providers">>, <<"BBF730563914328EC2511D205E6477A94831DB7297DE313B3872A2B26C562EAB">>}]},
{pkg_hash_ext,[
 {<<"getopt">>, <<"53E1AB83B9CEB65C9672D3E7A35B8092E9BDC9B3EE80721471A161C10C59959C">>},
 {<<"gpb">>, <<"0882C50EA9B0FB8A7390E26059E688D9F7747D30A647EAEE6813E1432C7911AF">>},
 {<<"providers">>, <<"8BE66129CA85C2FA74EFD8737CDAEDD31C1C1AF51DD2FD601495A6DEF4CAE4A6">>}]}
].
